// !$*UTF8*$!
{
	archiveVersion = 1;
	classes = {
	};
	objectVersion = 46;
	objects = {

/* Begin PBXBuildFile section */
		ADF8AA4E1DCD8B87005C6D1B /* AppDelegate.swift in Sources */ = {isa = PBXBuildFile; fileRef = ADF8AA4D1DCD8B87005C6D1B /* AppDelegate.swift */; };
		ADF8AA501DCD8B87005C6D1B /* ViewController.swift in Sources */ = {isa = PBXBuildFile; fileRef = ADF8AA4F1DCD8B87005C6D1B /* ViewController.swift */; };
		ADF8AA531DCD8B87005C6D1B /* Main.storyboard in Resources */ = {isa = PBXBuildFile; fileRef = ADF8AA511DCD8B87005C6D1B /* Main.storyboard */; };
		ADF8AA551DCD8B87005C6D1B /* Assets.xcassets in Resources */ = {isa = PBXBuildFile; fileRef = ADF8AA541DCD8B87005C6D1B /* Assets.xcassets */; };
		ADF8AA581DCD8B87005C6D1B /* LaunchScreen.storyboard in Resources */ = {isa = PBXBuildFile; fileRef = ADF8AA561DCD8B87005C6D1B /* LaunchScreen.storyboard */; };
/* End PBXBuildFile section */

/* Begin PBXFileReference section */
		ADF8AA4A1DCD8B87005C6D1B /* textfieldAndLabel.app */ = {isa = PBXFileReference; explicitFileType = wrapper.application; includeInIndex = 0; path = textfieldAndLabel.app; sourceTree = BUILT_PRODUCTS_DIR; };
		ADF8AA4D1DCD8B87005C6D1B /* AppDelegate.swift */ = {isa = PBXFileReference; lastKnownFileType = sourcecode.swift; path = AppDelegate.swift; sourceTree = "<group>"; };
		ADF8AA4F1DCD8B87005C6D1B /* ViewController.swift */ = {isa = PBXFileReference; lastKnownFileType = sourcecode.swift; path = ViewController.swift; sourceTree = "<group>"; };
		ADF8AA521DCD8B87005C6D1B /* Base */ = {isa = PBXFileReference; lastKnownFileType = file.storyboard; name = Base; path = Base.lproj/Main.storyboard; sourceTree = "<group>"; };
		ADF8AA541DCD8B87005C6D1B /* Assets.xcassets */ = {isa = PBXFileReference; lastKnownFileType = folder.assetcatalog; path = Assets.xcassets; sourceTree = "<group>"; };
		ADF8AA571DCD8B87005C6D1B /* Base */ = {isa = PBXFileReference; lastKnownFileType = file.storyboard; name = Base; path = Base.lproj/LaunchScreen.storyboard; sourceTree = "<group>"; };
		ADF8AA591DCD8B87005C6D1B /* Info.plist */ = {isa = PBXFileReference; lastKnownFileType = text.plist.xml; path = Info.plist; sourceTree = "<group>"; };
/* End PBXFileReference section */

/* Begin PBXFrameworksBuildPhase section */
		ADF8AA471DCD8B87005C6D1B /* Frameworks */ = {
			isa = PBXFrameworksBuildPhase;
			buildActionMask = 2147483647;
			files = (
			);
			runOnlyForDeploymentPostprocessing = 0;
		};
/* End PBXFrameworksBuildPhase section */

/* Begin PBXGroup section */
		ADF8AA411DCD8B87005C6D1B = {
			isa = PBXGroup;
			children = (
				ADF8AA4C1DCD8B87005C6D1B /* textfieldAndLabel */,
				ADF8AA4B1DCD8B87005C6D1B /* Products */,
			);
			sourceTree = "<group>";
		};
		ADF8AA4B1DCD8B87005C6D1B /* Products */ = {
			isa = PBXGroup;
			children = (
				ADF8AA4A1DCD8B87005C6D1B /* textfieldAndLabel.app */,
			);
			name = Products;
			sourceTree = "<group>";
		};
		ADF8AA4C1DCD8B87005C6D1B /* textfieldAndLabel */ = {
			isa = PBXGroup;
			children = (
				ADF8AA4D1DCD8B87005C6D1B /* AppDelegate.swift */,
				ADF8AA4F1DCD8B87005C6D1B /* ViewController.swift */,
				ADF8AA511DCD8B87005C6D1B /* Main.storyboard */,
				ADF8AA541DCD8B87005C6D1B /* Assets.xcassets */,
				ADF8AA561DCD8B87005C6D1B /* LaunchScreen.storyboard */,
				ADF8AA591DCD8B87005C6D1B /* Info.plist */,
			);
			path = textfieldAndLabel;
			sourceTree = "<group>";
		};
/* End PBXGroup section */

/* Begin PBXNativeTarget section */
		ADF8AA491DCD8B87005C6D1B /* textfieldAndLabel */ = {
			isa = PBXNativeTarget;
			buildConfigurationList = ADF8AA5C1DCD8B87005C6D1B /* Build configuration list for PBXNativeTarget "textfieldAndLabel" */;
			buildPhases = (
				ADF8AA461DCD8B87005C6D1B /* Sources */,
				ADF8AA471DCD8B87005C6D1B /* Frameworks */,
				ADF8AA481DCD8B87005C6D1B /* Resources */,
			);
			buildRules = (
			);
			dependencies = (
			);
			name = textfieldAndLabel;
			productName = textfieldAndLabel;
			productReference = ADF8AA4A1DCD8B87005C6D1B /* textfieldAndLabel.app */;
			productType = "com.apple.product-type.application";
		};
/* End PBXNativeTarget section */

/* Begin PBXProject section */
		ADF8AA421DCD8B87005C6D1B /* Project object */ = {
			isa = PBXProject;
			attributes = {
				LastSwiftUpdateCheck = 0810;
				LastUpgradeCheck = 0810;
				ORGANIZATIONNAME = "李小明";
				TargetAttributes = {
					ADF8AA491DCD8B87005C6D1B = {
						CreatedOnToolsVersion = 8.1;
						DevelopmentTeam = Q4Q9VP7TD9;
						ProvisioningStyle = Automatic;
					};
				};
			};
			buildConfigurationList = ADF8AA451DCD8B87005C6D1B /* Build configuration list for PBXProject "textfieldAndLabel" */;
			compatibilityVersion = "Xcode 3.2";
			developmentRegion = English;
			hasScannedForEncodings = 0;
			knownRegions = (
				en,
				Base,
			);
			mainGroup = ADF8AA411DCD8B87005C6D1B;
			productRefGroup = ADF8AA4B1DCD8B87005C6D1B /* Products */;
			projectDirPath = "";
			projectRoot = "";
			targets = (
				ADF8AA491DCD8B87005C6D1B /* textfieldAndLabel */,
			);
		};
/* End PBXProject section */

/* Begin PBXResourcesBuildPhase section */
		ADF8AA481DCD8B87005C6D1B /* Resources */ = {
			isa = PBXResourcesBuildPhase;
			buildActionMask = 2147483647;
			files = (
				ADF8AA581DCD8B87005C6D1B /* LaunchScreen.storyboard in Resources */,
				ADF8AA551DCD8B87005C6D1B /* Assets.xcassets in Resources */,
				ADF8AA531DCD8B87005C6D1B /* Main.storyboard in Resources */,
			);
			runOnlyForDeploymentPostprocessing = 0;
		};
/* End PBXResourcesBuildPhase section */

/* Begin PBXSourcesBuildPhase section */
		ADF8AA461DCD8B87005C6D1B /* Sources */ = {
			isa = PBXSourcesBuildPhase;
			buildActionMask = 2147483647;
			files = (
				ADF8AA501DCD8B87005C6D1B /* ViewController.swift in Sources */,
				ADF8AA4E1DCD8B87005C6D1B /* AppDelegate.swift in Sources */,
			);
			runOnlyForDeploymentPostprocessing = 0;
		};
/* End PBXSourcesBuildPhase section */

/* Begin PBXVariantGroup section */
		ADF8AA511DCD8B87005C6D1B /* Main.storyboard */ = {
			isa = PBXVariantGroup;
			children = (
				ADF8AA521DCD8B87005C6D1B /* Base */,
			);
			name = Main.storyboard;
			sourceTree = "<group>";
		};
		ADF8AA561DCD8B87005C6D1B /* LaunchScreen.storyboard */ = {
			isa = PBXVariantGroup;
			children = (
				ADF8AA571DCD8B87005C6D1B /* Base */,
			);
			name = LaunchScreen.storyboard;
			sourceTree = "<group>";
		};
/* End PBXVariantGroup section */

/* Begin XCBuildConfiguration section */
		ADF8AA5A1DCD8B87005C6D1B /* Debug */ = {
			isa = XCBuildConfiguration;
			buildSettings = {
				ALWAYS_SEARCH_USER_PATHS = NO;
				CLANG_ANALYZER_NONNULL = YES;
				CLANG_CXX_LANGUAGE_STANDARD = "gnu++0x";
				CLANG_CXX_LIBRARY = "libc++";
				CLANG_ENABLE_MODULES = YES;
				CLANG_ENABLE_OBJC_ARC = YES;
				CLANG_WARN_BOOL_CONVERSION = YES;
				CLANG_WARN_CONSTANT_CONVERSION = YES;
				CLANG_WARN_DIRECT_OBJC_ISA_USAGE = YES_ERROR;
				CLANG_WARN_DOCUMENTATION_COMMENTS = YES;
				CLANG_WARN_EMPTY_BODY = YES;
				CLANG_WARN_ENUM_CONVERSION = YES;
				CLANG_WARN_INFINITE_RECURSION = YES;
				CLANG_WARN_INT_CONVERSION = YES;
				CLANG_WARN_OBJC_ROOT_CLASS = YES_ERROR;
				CLANG_WARN_SUSPICIOUS_MOVES = YES;
				CLANG_WARN_UNREACHABLE_CODE = YES;
				CLANG_WARN__DUPLICATE_METHOD_MATCH = YES;
				"CODE_SIGN_IDENTITY[sdk=iphoneos*]" = "iPhone Developer";
				COPY_PHASE_STRIP = NO;
				DEBUG_INFORMATION_FORMAT = dwarf;
				ENABLE_STRICT_OBJC_MSGSEND = YES;
				ENABLE_TESTABILITY = YES;
				GCC_C_LANGUAGE_STANDARD = gnu99;
				GCC_DYNAMIC_NO_PIC = NO;
				GCC_NO_COMMON_BLOCKS = YES;
				GCC_OPTIMIZATION_LEVEL = 0;
				GCC_PREPROCESSOR_DEFINITIONS = (
					"DEBUG=1",
					"$(inherited)",
				);
				GCC_WARN_64_TO_32_BIT_CONVERSION = YES;
				GCC_WARN_ABOUT_RETURN_TYPE = YES_ERROR;
				GCC_WARN_UNDECLARED_SELECTOR = YES;
				GCC_WARN_UNINITIALIZED_AUTOS = YES_AGGRESSIVE;
				GCC_WARN_UNUSED_FUNCTION = YES;
				GCC_WARN_UNUSED_VARIABLE = YES;
				IPHONEOS_DEPLOYMENT_TARGET = 10.1;
				MTL_ENABLE_DEBUG_INFO = YES;
				ONLY_ACTIVE_ARCH = YES;
				SDKROOT = iphoneos;
				SWIFT_ACTIVE_COMPILATION_CONDITIONS = DEBUG;
				SWIFT_OPTIMIZATION_LEVEL = "-Onone";
				TARGETED_DEVICE_FAMILY = "1,2";
			};
			name = Debug;
		};
		ADF8AA5B1DCD8B87005C6D1B /* Release */ = {
			isa = XCBuildConfiguration;
			buildSettings = {
				ALWAYS_SEARCH_USER_PATHS = NO;
				CLANG_ANALYZER_NONNULL = YES;
				CLANG_CXX_LANGUAGE_STANDARD = "gnu++0x";
				CLANG_CXX_LIBRARY = "libc++";
				CLANG_ENABLE_MODULES = YES;
				CLANG_ENABLE_OBJC_ARC = YES;
				CLANG_WARN_BOOL_CONVERSION = YES;
				CLANG_WARN_CONSTANT_CONVERSION = YES;
				CLANG_WARN_DIRECT_OBJC_ISA_USAGE = YES_ERROR;
				CLANG_WARN_DOCUMENTATION_COMMENTS = YES;
				CLANG_WARN_EMPTY_BODY = YES;
				CLANG_WARN_ENUM_CONVERSION = YES;
				CLANG_WARN_INFINITE_RECURSION = YES;
				CLANG_WARN_INT_CONVERSION = YES;
				CLANG_WARN_OBJC_ROOT_CLASS = YES_ERROR;
				CLANG_WARN_SUSPICIOUS_MOVES = YES;
				CLANG_WARN_UNREACHABLE_CODE = YES;
				CLANG_WARN__DUPLICATE_METHOD_MATCH = YES;
				"CODE_SIGN_IDENTITY[sdk=iphoneos*]" = "iPhone Developer";
				COPY_PHASE_STRIP = NO;
				DEBUG_INFORMATION_FORMAT = "dwarf-with-dsym";
				ENABLE_NS_ASSERTIONS = NO;
				ENABLE_STRICT_OBJC_MSGSEND = YES;
				GCC_C_LANGUAGE_STANDARD = gnu99;
				GCC_NO_COMMON_BLOCKS = YES;
				GCC_WARN_64_TO_32_BIT_CONVERSION = YES;
				GCC_WARN_ABOUT_RETURN_TYPE = YES_ERROR;
				GCC_WARN_UNDECLARED_SELECTOR = YES;
				GCC_WARN_UNINITIALIZED_AUTOS = YES_AGGRESSIVE;
				GCC_WARN_UNUSED_FUNCTION = YES;
				GCC_WARN_UNUSED_VARIABLE = YES;
				IPHONEOS_DEPLOYMENT_TARGET = 10.1;
				MTL_ENABLE_DEBUG_INFO = NO;
				SDKROOT = iphoneos;
				SWIFT_OPTIMIZATION_LEVEL = "-Owholemodule";
				TARGETED_DEVICE_FAMILY = "1,2";
				VALIDATE_PRODUCT = YES;
			};
			name = Release;
		};
		ADF8AA5D1DCD8B87005C6D1B /* Debug */ = {
			isa = XCBuildConfiguration;
			buildSettings = {
				ASSETCATALOG_COMPILER_APPICON_NAME = AppIcon;
				DEVELOPMENT_TEAM = Q4Q9VP7TD9;
				INFOPLIST_FILE = textfieldAndLabel/Info.plist;
				LD_RUNPATH_SEARCH_PATHS = "$(inherited) @executable_path/Frameworks";
				PRODUCT_BUNDLE_IDENTIFIER = appcoda.com.textfieldAndLabel;
				PRODUCT_NAME = "$(TARGET_NAME)";
				SWIFT_VERSION = 3.0;
			};
			name = Debug;
		};
		ADF8AA5E1DCD8B87005C6D1B /* Release */ = {
			isa = XCBuildConfiguration;
			buildSettings = {
				ASSETCATALOG_COMPILER_APPICON_NAME = AppIcon;
				DEVELOPMENT_TEAM = Q4Q9VP7TD9;
				INFOPLIST_FILE = textfieldAndLabel/Info.plist;
				LD_RUNPATH_SEARCH_PATHS = "$(inherited) @executable_path/Frameworks";
				PRODUCT_BUNDLE_IDENTIFIER = appcoda.com.textfieldAndLabel;
				PRODUCT_NAME = "$(TARGET_NAME)";
				SWIFT_VERSION = 3.0;
			};
			name = Release;
		};
/* End XCBuildConfiguration section */

/* Begin XCConfigurationList section */
		ADF8AA451DCD8B87005C6D1B /* Build configuration list for PBXProject "textfieldAndLabel" */ = {
			isa = XCConfigurationList;
			buildConfigurations = (
				ADF8AA5A1DCD8B87005C6D1B /* Debug */,
				ADF8AA5B1DCD8B87005C6D1B /* Release */,
			);
			defaultConfigurationIsVisible = 0;
			defaultConfigurationName = Release;
		};
		ADF8AA5C1DCD8B87005C6D1B /* Build configuration list for PBXNativeTarget "textfieldAndLabel" */ = {
			isa = XCConfigurationList;
			buildConfigurations = (
				ADF8AA5D1DCD8B87005C6D1B /* Debug */,
				ADF8AA5E1DCD8B87005C6D1B /* Release */,
			);
			defaultConfigurationIsVisible = 0;
		};
/* End XCConfigurationList section */
	};
	rootObject = ADF8AA421DCD8B87005C6D1B /* Project object */;
}
